{
  "nodes": {
    "bufonly": {
      "flake": false,
      "locked": {
        "lastModified": 1625462970,
        "narHash": "sha256-+k7Be6FYAtcK91X3VsG2h1jZ1XEd7Px8O2v+hwXtFUk=",
        "owner": "numToStr",
        "repo": "BufOnly.nvim",
        "rev": "30579c2851743b00c4547c324a16f2c1cfa5a41c",
        "type": "github"
      },
      "original": {
        "owner": "numToStr",
        "repo": "BufOnly.nvim",
        "type": "github"
      }
    },
    "csharp": {
      "flake": false,
      "locked": {
        "lastModified": 1723222099,
        "narHash": "sha256-/JT0X0qS2Z3mp+Cm1Gq8S8OfmPYozJ9S52irZ/W6BX0=",
        "owner": "iabdelkareem",
        "repo": "csharp.nvim",
        "rev": "8b933a9e53f1e94fac084971f4757580aa02a466",
        "type": "github"
      },
      "original": {
        "owner": "iabdelkareem",
        "repo": "csharp.nvim",
        "type": "github"
      }
    },
    "flake-compat": {
      "flake": false,
      "locked": {
        "lastModified": 1696426674,
        "narHash": "sha256-kvjfFW7WAETZlt09AgDn1MrtKzP7t90Vf7vypd3OL1U=",
        "owner": "edolstra",
        "repo": "flake-compat",
        "rev": "0f9255e01c2351cc7d116c072cb317785dd33b33",
        "type": "github"
      },
      "original": {
        "owner": "edolstra",
        "repo": "flake-compat",
        "type": "github"
      }
    },
    "flake-compat_2": {
      "flake": false,
      "locked": {
        "lastModified": 1696426674,
        "narHash": "sha256-kvjfFW7WAETZlt09AgDn1MrtKzP7t90Vf7vypd3OL1U=",
        "owner": "edolstra",
        "repo": "flake-compat",
        "rev": "0f9255e01c2351cc7d116c072cb317785dd33b33",
        "type": "github"
      },
      "original": {
        "owner": "edolstra",
        "repo": "flake-compat",
        "type": "github"
      }
    },
    "flake-compat_3": {
      "flake": false,
      "locked": {
        "lastModified": 1696426674,
        "narHash": "sha256-kvjfFW7WAETZlt09AgDn1MrtKzP7t90Vf7vypd3OL1U=",
        "owner": "edolstra",
        "repo": "flake-compat",
        "rev": "0f9255e01c2351cc7d116c072cb317785dd33b33",
        "type": "github"
      },
      "original": {
        "owner": "edolstra",
        "repo": "flake-compat",
        "type": "github"
      }
    },
    "flake-compat_4": {
      "flake": false,
      "locked": {
        "lastModified": 1696426674,
        "narHash": "sha256-kvjfFW7WAETZlt09AgDn1MrtKzP7t90Vf7vypd3OL1U=",
        "owner": "edolstra",
        "repo": "flake-compat",
        "rev": "0f9255e01c2351cc7d116c072cb317785dd33b33",
        "type": "github"
      },
      "original": {
        "owner": "edolstra",
        "repo": "flake-compat",
        "type": "github"
      }
    },
    "flake-compat_5": {
      "flake": false,
      "locked": {
        "lastModified": 1696426674,
        "narHash": "sha256-kvjfFW7WAETZlt09AgDn1MrtKzP7t90Vf7vypd3OL1U=",
        "owner": "edolstra",
        "repo": "flake-compat",
        "rev": "0f9255e01c2351cc7d116c072cb317785dd33b33",
        "type": "github"
      },
      "original": {
        "owner": "edolstra",
        "repo": "flake-compat",
        "type": "github"
      }
    },
    "flake-parts": {
      "inputs": {
        "nixpkgs-lib": "nixpkgs-lib"
      },
      "locked": {
        "lastModified": 1717285511,
        "narHash": "sha256-iKzJcpdXih14qYVcZ9QC9XuZYnPc6T8YImb6dX166kw=",
        "owner": "hercules-ci",
        "repo": "flake-parts",
        "rev": "2a55567fcf15b1b1c7ed712a2c6fadaec7412ea8",
        "type": "github"
      },
      "original": {
        "owner": "hercules-ci",
        "repo": "flake-parts",
        "type": "github"
      }
    },
    "flake-parts_2": {
      "inputs": {
        "nixpkgs-lib": "nixpkgs-lib_2"
      },
      "locked": {
        "lastModified": 1722555600,
        "narHash": "sha256-XOQkdLafnb/p9ij77byFQjDf5m5QYl9b2REiVClC+x4=",
        "owner": "hercules-ci",
        "repo": "flake-parts",
        "rev": "8471fe90ad337a8074e957b69ca4d0089218391d",
        "type": "github"
      },
      "original": {
        "owner": "hercules-ci",
        "repo": "flake-parts",
        "type": "github"
      }
    },
    "flake-parts_3": {
      "inputs": {
        "nixpkgs-lib": "nixpkgs-lib_3"
      },
      "locked": {
        "lastModified": 1717285511,
        "narHash": "sha256-iKzJcpdXih14qYVcZ9QC9XuZYnPc6T8YImb6dX166kw=",
        "owner": "hercules-ci",
        "repo": "flake-parts",
        "rev": "2a55567fcf15b1b1c7ed712a2c6fadaec7412ea8",
        "type": "github"
      },
      "original": {
        "owner": "hercules-ci",
        "repo": "flake-parts",
        "type": "github"
      }
    },
    "flake-parts_4": {
      "inputs": {
        "nixpkgs-lib": "nixpkgs-lib_4"
      },
      "locked": {
        "lastModified": 1722555600,
        "narHash": "sha256-XOQkdLafnb/p9ij77byFQjDf5m5QYl9b2REiVClC+x4=",
        "owner": "hercules-ci",
        "repo": "flake-parts",
        "rev": "8471fe90ad337a8074e957b69ca4d0089218391d",
        "type": "github"
      },
      "original": {
        "owner": "hercules-ci",
        "repo": "flake-parts",
        "type": "github"
      }
    },
    "flake-parts_5": {
      "inputs": {
        "nixpkgs-lib": [
          "lz-n",
          "neorocks",
          "neovim-nightly",
          "nixpkgs"
        ]
      },
      "locked": {
        "lastModified": 1722555600,
        "narHash": "sha256-XOQkdLafnb/p9ij77byFQjDf5m5QYl9b2REiVClC+x4=",
        "owner": "hercules-ci",
        "repo": "flake-parts",
        "rev": "8471fe90ad337a8074e957b69ca4d0089218391d",
        "type": "github"
      },
      "original": {
        "owner": "hercules-ci",
        "repo": "flake-parts",
        "type": "github"
      }
    },
    "flake-parts_6": {
      "inputs": {
        "nixpkgs-lib": [
          "lz-n",
          "neorocks",
          "neovim-nightly",
          "hercules-ci-effects",
          "nixpkgs"
        ]
      },
      "locked": {
        "lastModified": 1712014858,
        "narHash": "sha256-sB4SWl2lX95bExY2gMFG5HIzvva5AVMJd4Igm+GpZNw=",
        "owner": "hercules-ci",
        "repo": "flake-parts",
        "rev": "9126214d0a59633752a136528f5f3b9aa8565b7d",
        "type": "github"
      },
      "original": {
        "id": "flake-parts",
        "type": "indirect"
      }
    },
    "flake-utils": {
      "inputs": {
        "systems": "systems"
      },
      "locked": {
        "lastModified": 1710146030,
        "narHash": "sha256-SZ5L6eA7HJ/nmkzGG7/ISclqe6oZdOZTNoesiInkXPQ=",
        "owner": "numtide",
        "repo": "flake-utils",
        "rev": "b1d9ab70662946ef0850d488da1c9019f3a9752a",
        "type": "github"
      },
      "original": {
        "owner": "numtide",
        "repo": "flake-utils",
        "type": "github"
      }
    },
    "fzy-lua-native": {
      "flake": false,
      "locked": {
        "lastModified": 1686234741,
        "narHash": "sha256-Ja4xNGruETSU1nq+r+hkJiFpnMbmL9m2JIKC6gHFGf4=",
        "owner": "romgrk",
        "repo": "fzy-lua-native",
        "rev": "820f745b7c442176bcc243e8f38ef4b985febfaf",
        "type": "github"
      },
      "original": {
        "owner": "romgrk",
        "repo": "fzy-lua-native",
        "type": "github"
      }
    },
    "gen-luarc": {
      "inputs": {
        "flake-parts": "flake-parts",
        "nixpkgs": "nixpkgs"
      },
      "locked": {
        "lastModified": 1718922730,
        "narHash": "sha256-ykhhOPqA9NzdNBr3ii+3h2DkK2+wasNqQLfMF6BXxTE=",
        "owner": "mrcjkb",
        "repo": "nix-gen-luarc-json",
        "rev": "021e8078e43884c6cdc70ca753d9a0b146cd55a4",
        "type": "github"
      },
      "original": {
        "owner": "mrcjkb",
        "repo": "nix-gen-luarc-json",
        "type": "github"
      }
    },
    "gen-luarc_2": {
      "inputs": {
        "flake-parts": "flake-parts_3",
        "nixpkgs": "nixpkgs_2"
      },
      "locked": {
        "lastModified": 1718922730,
        "narHash": "sha256-ykhhOPqA9NzdNBr3ii+3h2DkK2+wasNqQLfMF6BXxTE=",
        "owner": "mrcjkb",
        "repo": "nix-gen-luarc-json",
        "rev": "021e8078e43884c6cdc70ca753d9a0b146cd55a4",
        "type": "github"
      },
      "original": {
        "owner": "mrcjkb",
        "repo": "nix-gen-luarc-json",
        "type": "github"
      }
    },
    "git-hooks": {
      "inputs": {
        "flake-compat": "flake-compat_2",
        "gitignore": "gitignore",
        "nixpkgs": "nixpkgs_3",
        "nixpkgs-stable": "nixpkgs-stable"
      },
      "locked": {
        "lastModified": 1721042469,
        "narHash": "sha256-6FPUl7HVtvRHCCBQne7Ylp4p+dpP3P/OYuzjztZ4s70=",
        "owner": "cachix",
        "repo": "git-hooks.nix",
        "rev": "f451c19376071a90d8c58ab1a953c6e9840527fd",
        "type": "github"
      },
      "original": {
        "owner": "cachix",
        "repo": "git-hooks.nix",
        "type": "github"
      }
    },
    "git-hooks_2": {
      "inputs": {
        "flake-compat": "flake-compat_4",
        "gitignore": "gitignore_2",
        "nixpkgs": [
          "lz-n",
          "neorocks",
          "neovim-nightly",
          "nixpkgs"
        ],
        "nixpkgs-stable": [
          "lz-n",
          "neorocks",
          "neovim-nightly",
          "nixpkgs"
        ]
      },
      "locked": {
        "lastModified": 1721042469,
        "narHash": "sha256-6FPUl7HVtvRHCCBQne7Ylp4p+dpP3P/OYuzjztZ4s70=",
        "owner": "cachix",
        "repo": "git-hooks.nix",
        "rev": "f451c19376071a90d8c58ab1a953c6e9840527fd",
        "type": "github"
      },
      "original": {
        "owner": "cachix",
        "repo": "git-hooks.nix",
        "type": "github"
      }
    },
    "gitignore": {
      "inputs": {
        "nixpkgs": [
          "lz-n",
          "neorocks",
          "git-hooks",
          "nixpkgs"
        ]
      },
      "locked": {
        "lastModified": 1709087332,
        "narHash": "sha256-HG2cCnktfHsKV0s4XW83gU3F57gaTljL9KNSuG6bnQs=",
        "owner": "hercules-ci",
        "repo": "gitignore.nix",
        "rev": "637db329424fd7e46cf4185293b9cc8c88c95394",
        "type": "github"
      },
      "original": {
        "owner": "hercules-ci",
        "repo": "gitignore.nix",
        "type": "github"
      }
    },
    "gitignore_2": {
      "inputs": {
        "nixpkgs": [
          "lz-n",
          "neorocks",
          "neovim-nightly",
          "git-hooks",
          "nixpkgs"
        ]
      },
      "locked": {
        "lastModified": 1709087332,
        "narHash": "sha256-HG2cCnktfHsKV0s4XW83gU3F57gaTljL9KNSuG6bnQs=",
        "owner": "hercules-ci",
        "repo": "gitignore.nix",
        "rev": "637db329424fd7e46cf4185293b9cc8c88c95394",
        "type": "github"
      },
      "original": {
        "owner": "hercules-ci",
        "repo": "gitignore.nix",
        "type": "github"
      }
    },
    "gitignore_3": {
      "inputs": {
        "nixpkgs": [
          "lz-n",
          "pre-commit-hooks",
          "nixpkgs"
        ]
      },
      "locked": {
        "lastModified": 1709087332,
        "narHash": "sha256-HG2cCnktfHsKV0s4XW83gU3F57gaTljL9KNSuG6bnQs=",
        "owner": "hercules-ci",
        "repo": "gitignore.nix",
        "rev": "637db329424fd7e46cf4185293b9cc8c88c95394",
        "type": "github"
      },
      "original": {
        "owner": "hercules-ci",
        "repo": "gitignore.nix",
        "type": "github"
      }
    },
    "hercules-ci-effects": {
      "inputs": {
        "flake-parts": "flake-parts_6",
        "nixpkgs": [
          "lz-n",
          "neorocks",
          "neovim-nightly",
          "nixpkgs"
        ]
      },
      "locked": {
        "lastModified": 1719226092,
        "narHash": "sha256-YNkUMcCUCpnULp40g+svYsaH1RbSEj6s4WdZY/SHe38=",
        "owner": "hercules-ci",
        "repo": "hercules-ci-effects",
        "rev": "11e4b8dc112e2f485d7c97e1cee77f9958f498f5",
        "type": "github"
      },
      "original": {
        "owner": "hercules-ci",
        "repo": "hercules-ci-effects",
        "type": "github"
      }
    },
    "lz-n": {
      "inputs": {
        "flake-parts": "flake-parts_2",
        "gen-luarc": "gen-luarc_2",
        "neorocks": "neorocks",
        "nixpkgs": "nixpkgs_6",
        "pre-commit-hooks": "pre-commit-hooks"
      },
      "locked": {
        "lastModified": 1723192433,
        "narHash": "sha256-EAs/0whx8lsM1IRbdJ87WQs/N92Yovz+J15YKJf3OCo=",
        "owner": "nvim-neorocks",
        "repo": "lz.n",
        "rev": "783b9ed3363628c08338525cb6c123b7ea6347d2",
        "type": "github"
      },
      "original": {
        "owner": "nvim-neorocks",
        "repo": "lz.n",
        "type": "github"
      }
    },
    "mini-ai": {
      "flake": false,
      "locked": {
        "lastModified": 1722950187,
        "narHash": "sha256-MZtLONkUCjcOMyfcrpwOX5LdGNmTSBco3TjJN5rvSYk=",
        "owner": "echasnovski",
        "repo": "mini.ai",
        "rev": "a9b992b13d22a8db8df6beac25afa59a10b5584d",
        "type": "github"
      },
      "original": {
        "owner": "echasnovski",
        "repo": "mini.ai",
        "type": "github"
      }
    },
    "mini-bufremove": {
      "flake": false,
      "locked": {
        "lastModified": 1719822500,
        "narHash": "sha256-tYE7ib/F3emDxHaeEW/k/P31/gKknLsw63H9T5yAEEo=",
        "owner": "echasnovski",
        "repo": "mini.bufremove",
        "rev": "1ee294a97e091d3cf967974df622c0d887890dc2",
        "type": "github"
      },
      "original": {
        "owner": "echasnovski",
        "repo": "mini.bufremove",
        "type": "github"
      }
    },
    "mini-clue": {
      "flake": false,
      "locked": {
        "lastModified": 1719822500,
        "narHash": "sha256-GqECAX14QOkp1lGywYizzRSYPJSjcJIbSohSriBZf6U=",
        "owner": "echasnovski",
        "repo": "mini.clue",
        "rev": "847376b3a044129348cea9eedb841106379e0796",
        "type": "github"
      },
      "original": {
        "owner": "echasnovski",
        "repo": "mini.clue",
        "type": "github"
      }
    },
    "mini-move": {
      "flake": false,
      "locked": {
        "lastModified": 1723572083,
        "narHash": "sha256-xtN98IKyjGSPEi0oazC1Ba8dUZt5rUiPgiLLZYD7JnM=",
        "owner": "echasnovski",
        "repo": "mini.move",
        "rev": "6436014f69a2963123c14540c081c7effb74a267",
        "type": "github"
      },
      "original": {
        "owner": "echasnovski",
        "repo": "mini.move",
        "type": "github"
      }
    },
    "neorocks": {
      "inputs": {
        "flake-compat": "flake-compat",
        "flake-parts": "flake-parts_4",
        "git-hooks": "git-hooks",
        "neovim-nightly": "neovim-nightly",
        "nixpkgs": "nixpkgs_5"
      },
      "locked": {
        "lastModified": 1722662606,
        "narHash": "sha256-hbeajddj2JmfYwbxFnqnWLZYSU7SuVNUG6ZgCTlq9x8=",
        "owner": "nvim-neorocks",
        "repo": "neorocks",
        "rev": "e81d14c3bc9fd4f313df509f2cfc3e09838415b0",
        "type": "github"
      },
      "original": {
        "owner": "nvim-neorocks",
        "repo": "neorocks",
        "type": "github"
      }
    },
    "neovim-nightly": {
      "inputs": {
        "flake-compat": "flake-compat_3",
        "flake-parts": "flake-parts_5",
        "git-hooks": "git-hooks_2",
        "hercules-ci-effects": "hercules-ci-effects",
        "neovim-src": "neovim-src",
        "nixpkgs": "nixpkgs_4"
      },
      "locked": {
        "lastModified": 1722618800,
        "narHash": "sha256-RP57a/NFk4uDnDWgTiDdJ+HteT8hTnkKz2dxd+kqL3M=",
        "owner": "nix-community",
        "repo": "neovim-nightly-overlay",
        "rev": "0dfaa8c68db4cd0e7c0f500242f24932b3abdb85",
        "type": "github"
      },
      "original": {
        "owner": "nix-community",
        "repo": "neovim-nightly-overlay",
        "type": "github"
      }
    },
    "neovim-src": {
      "flake": false,
      "locked": {
        "lastModified": 1722556329,
        "narHash": "sha256-biqiNshPEE3pndvrDQ2LqSe4YWi0PhHsAfhXGdoV+ic=",
        "owner": "neovim",
        "repo": "neovim",
        "rev": "b782a37cf58b5ae5e47fd15fb2a5096639c64a23",
        "type": "github"
      },
      "original": {
        "owner": "neovim",
        "repo": "neovim",
        "type": "github"
      }
    },
    "nixpkgs": {
      "locked": {
        "lastModified": 1718714799,
        "narHash": "sha256-FUZpz9rg3gL8NVPKbqU8ei1VkPLsTIfAJ2fdAf5qjak=",
        "owner": "nixos",
        "repo": "nixpkgs",
        "rev": "c00d587b1a1afbf200b1d8f0b0e4ba9deb1c7f0e",
        "type": "github"
      },
      "original": {
        "owner": "nixos",
        "ref": "nixos-unstable",
        "repo": "nixpkgs",
        "type": "github"
      }
    },
    "nixpkgs-lib": {
      "locked": {
        "lastModified": 1717284937,
        "narHash": "sha256-lIbdfCsf8LMFloheeE6N31+BMIeixqyQWbSr2vk79EQ=",
        "type": "tarball",
        "url": "https://github.com/NixOS/nixpkgs/archive/eb9ceca17df2ea50a250b6b27f7bf6ab0186f198.tar.gz"
      },
      "original": {
        "type": "tarball",
        "url": "https://github.com/NixOS/nixpkgs/archive/eb9ceca17df2ea50a250b6b27f7bf6ab0186f198.tar.gz"
      }
    },
    "nixpkgs-lib_2": {
      "locked": {
        "lastModified": 1722555339,
        "narHash": "sha256-uFf2QeW7eAHlYXuDktm9c25OxOyCoUOQmh5SZ9amE5Q=",
        "type": "tarball",
        "url": "https://github.com/NixOS/nixpkgs/archive/a5d394176e64ab29c852d03346c1fc9b0b7d33eb.tar.gz"
      },
      "original": {
        "type": "tarball",
        "url": "https://github.com/NixOS/nixpkgs/archive/a5d394176e64ab29c852d03346c1fc9b0b7d33eb.tar.gz"
      }
    },
    "nixpkgs-lib_3": {
      "locked": {
        "lastModified": 1717284937,
        "narHash": "sha256-lIbdfCsf8LMFloheeE6N31+BMIeixqyQWbSr2vk79EQ=",
        "type": "tarball",
        "url": "https://github.com/NixOS/nixpkgs/archive/eb9ceca17df2ea50a250b6b27f7bf6ab0186f198.tar.gz"
      },
      "original": {
        "type": "tarball",
        "url": "https://github.com/NixOS/nixpkgs/archive/eb9ceca17df2ea50a250b6b27f7bf6ab0186f198.tar.gz"
      }
    },
    "nixpkgs-lib_4": {
      "locked": {
        "lastModified": 1722555339,
        "narHash": "sha256-uFf2QeW7eAHlYXuDktm9c25OxOyCoUOQmh5SZ9amE5Q=",
        "type": "tarball",
        "url": "https://github.com/NixOS/nixpkgs/archive/a5d394176e64ab29c852d03346c1fc9b0b7d33eb.tar.gz"
      },
      "original": {
        "type": "tarball",
        "url": "https://github.com/NixOS/nixpkgs/archive/a5d394176e64ab29c852d03346c1fc9b0b7d33eb.tar.gz"
      }
    },
    "nixpkgs-stable": {
      "locked": {
        "lastModified": 1720386169,
        "narHash": "sha256-NGKVY4PjzwAa4upkGtAMz1npHGoRzWotlSnVlqI40mo=",
        "owner": "NixOS",
        "repo": "nixpkgs",
        "rev": "194846768975b7ad2c4988bdb82572c00222c0d7",
        "type": "github"
      },
      "original": {
        "owner": "NixOS",
        "ref": "nixos-24.05",
        "repo": "nixpkgs",
        "type": "github"
      }
    },
    "nixpkgs-stable_2": {
      "locked": {
        "lastModified": 1720386169,
        "narHash": "sha256-NGKVY4PjzwAa4upkGtAMz1npHGoRzWotlSnVlqI40mo=",
        "owner": "NixOS",
        "repo": "nixpkgs",
        "rev": "194846768975b7ad2c4988bdb82572c00222c0d7",
        "type": "github"
      },
      "original": {
        "owner": "NixOS",
        "ref": "nixos-24.05",
        "repo": "nixpkgs",
        "type": "github"
      }
    },
    "nixpkgs_2": {
      "locked": {
        "lastModified": 1718714799,
        "narHash": "sha256-FUZpz9rg3gL8NVPKbqU8ei1VkPLsTIfAJ2fdAf5qjak=",
        "owner": "nixos",
        "repo": "nixpkgs",
        "rev": "c00d587b1a1afbf200b1d8f0b0e4ba9deb1c7f0e",
        "type": "github"
      },
      "original": {
        "owner": "nixos",
        "ref": "nixos-unstable",
        "repo": "nixpkgs",
        "type": "github"
      }
    },
    "nixpkgs_3": {
      "locked": {
        "lastModified": 1719082008,
        "narHash": "sha256-jHJSUH619zBQ6WdC21fFAlDxHErKVDJ5fpN0Hgx4sjs=",
        "owner": "NixOS",
        "repo": "nixpkgs",
        "rev": "9693852a2070b398ee123a329e68f0dab5526681",
        "type": "github"
      },
      "original": {
        "owner": "NixOS",
        "ref": "nixpkgs-unstable",
        "repo": "nixpkgs",
        "type": "github"
      }
    },
    "nixpkgs_4": {
      "locked": {
        "lastModified": 1722415718,
        "narHash": "sha256-5US0/pgxbMksF92k1+eOa8arJTJiPvsdZj9Dl+vJkM4=",
        "owner": "NixOS",
        "repo": "nixpkgs",
        "rev": "c3392ad349a5227f4a3464dce87bcc5046692fce",
        "type": "github"
      },
      "original": {
        "owner": "NixOS",
        "ref": "nixpkgs-unstable",
        "repo": "nixpkgs",
        "type": "github"
      }
    },
    "nixpkgs_5": {
      "locked": {
        "lastModified": 1722415718,
        "narHash": "sha256-5US0/pgxbMksF92k1+eOa8arJTJiPvsdZj9Dl+vJkM4=",
        "owner": "nixos",
        "repo": "nixpkgs",
        "rev": "c3392ad349a5227f4a3464dce87bcc5046692fce",
        "type": "github"
      },
      "original": {
        "owner": "nixos",
        "ref": "nixpkgs-unstable",
        "repo": "nixpkgs",
        "type": "github"
      }
    },
    "nixpkgs_6": {
      "locked": {
        "lastModified": 1722640603,
        "narHash": "sha256-TcXjLVNd3VeH1qKPH335Tc4RbFDbZQX+d7rqnDUoRaY=",
        "owner": "nixos",
        "repo": "nixpkgs",
        "rev": "81610abc161d4021b29199aa464d6a1a521e0cc9",
        "type": "github"
      },
      "original": {
        "owner": "nixos",
        "ref": "nixpkgs-unstable",
        "repo": "nixpkgs",
        "type": "github"
      }
    },
    "nixpkgs_7": {
      "locked": {
        "lastModified": 1719082008,
        "narHash": "sha256-jHJSUH619zBQ6WdC21fFAlDxHErKVDJ5fpN0Hgx4sjs=",
        "owner": "NixOS",
        "repo": "nixpkgs",
        "rev": "9693852a2070b398ee123a329e68f0dab5526681",
        "type": "github"
      },
      "original": {
        "owner": "NixOS",
        "ref": "nixpkgs-unstable",
        "repo": "nixpkgs",
        "type": "github"
      }
    },
    "nixpkgs_8": {
      "locked": {
        "lastModified": 1723362943,
        "narHash": "sha256-dFZRVSgmJkyM0bkPpaYRtG/kRMRTorUIDj8BxoOt1T4=",
        "owner": "NixOS",
        "repo": "nixpkgs",
        "rev": "a58bc8ad779655e790115244571758e8de055e3d",
        "type": "github"
      },
      "original": {
        "owner": "NixOS",
        "ref": "nixos-unstable",
        "repo": "nixpkgs",
        "type": "github"
      }
    },
    "nvim-cmp": {
      "flake": false,
      "locked": {
        "lastModified": 1723078001,
        "narHash": "sha256-qVU02nIclxt5Fgh+8Cll087AoWtaLo4g2846VYf+ALY=",
        "owner": "yioneko",
        "repo": "nvim-cmp",
        "rev": "6c3d595f3223c1ae7392d4fde1626355439af6c1",
        "type": "github"
      },
      "original": {
        "owner": "yioneko",
        "ref": "perf",
        "repo": "nvim-cmp",
        "type": "github"
      }
    },
    "nx": {
      "flake": false,
      "locked": {
        "lastModified": 1718581076,
        "narHash": "sha256-YP+M7KSQj2YoC68wMarvlHPH/pjeazdtOfM91MmI8x8=",
        "owner": "tenxsoydev",
        "repo": "nx.nvim",
        "rev": "c4e121bc32ec6dddb8a3ba122babdb2e9c9ff11e",
        "type": "github"
      },
      "original": {
        "owner": "tenxsoydev",
        "repo": "nx.nvim",
        "type": "github"
      }
    },
    "pre-commit-hooks": {
      "inputs": {
        "flake-compat": "flake-compat_5",
        "gitignore": "gitignore_3",
        "nixpkgs": "nixpkgs_7",
        "nixpkgs-stable": "nixpkgs-stable_2"
      },
      "locked": {
        "lastModified": 1721042469,
        "narHash": "sha256-6FPUl7HVtvRHCCBQne7Ylp4p+dpP3P/OYuzjztZ4s70=",
        "owner": "cachix",
        "repo": "pre-commit-hooks.nix",
        "rev": "f451c19376071a90d8c58ab1a953c6e9840527fd",
        "type": "github"
      },
      "original": {
        "owner": "cachix",
        "repo": "pre-commit-hooks.nix",
        "type": "github"
      }
    },
    "rip-substitute": {
      "flake": false,
      "locked": {
        "lastModified": 1723460439,
        "narHash": "sha256-oRksqfkd3298P9Y34gs+nkj8DG3mYupufyts/ss3nUs=",
        "owner": "chrisgrieser",
        "repo": "nvim-rip-substitute",
        "rev": "635579718ec28899ba7a9d7f6f2f7bba7f5ef70c",
        "type": "github"
      },
      "original": {
        "owner": "chrisgrieser",
        "repo": "nvim-rip-substitute",
        "type": "github"
      }
    },
    "root": {
      "inputs": {
        "bufonly": "bufonly",
        "csharp": "csharp",
        "flake-utils": "flake-utils",
        "fzy-lua-native": "fzy-lua-native",
        "gen-luarc": "gen-luarc",
        "lz-n": "lz-n",
        "mini-ai": "mini-ai",
        "mini-bufremove": "mini-bufremove",
        "mini-clue": "mini-clue",
        "mini-move": "mini-move",
        "nixpkgs": "nixpkgs_8",
        "nvim-cmp": "nvim-cmp",
        "nx": "nx",
        "rip-substitute": "rip-substitute",
        "scrollEOF": "scrollEOF",
        "smart-open": "smart-open",
        "which-key": "which-key"
      }
    },
    "scrollEOF": {
      "flake": false,
      "locked": {
        "lastModified": 1710122089,
        "narHash": "sha256-n36L6mtayKtXI/orwf0B72sFpgAKZ0HU4vv2UxKexvU=",
        "owner": "Aasim-A",
        "repo": "scrollEOF.nvim",
        "rev": "38fd5880021e90c15dc61fa325f714bd8077f0a6",
        "type": "github"
      },
      "original": {
        "owner": "Aasim-A",
        "repo": "scrollEOF.nvim",
        "type": "github"
      }
    },
    "smart-open": {
      "flake": false,
      "locked": {
        "lastModified": 1718197413,
        "narHash": "sha256-bEo5p7tHeoE13P8QsjC8RqNA0NMogjdYzN0oatQaIJY=",
        "owner": "danielfalk",
        "repo": "smart-open.nvim",
        "rev": "f4e39e9a1b05a6b82b1182a013677acc44b27abb",
        "type": "github"
      },
      "original": {
        "owner": "danielfalk",
        "repo": "smart-open.nvim",
        "type": "github"
      }
    },
    "systems": {
      "locked": {
        "lastModified": 1681028828,
        "narHash": "sha256-Vy1rq5AaRuLzOxct8nz4T6wlgyUR7zLU309k9mBC768=",
        "owner": "nix-systems",
        "repo": "default",
        "rev": "da67096a3b9bf56a91d16901293e51ba5b49a27e",
        "type": "github"
      },
      "original": {
        "owner": "nix-systems",
        "repo": "default",
        "type": "github"
      }
    },
    "which-key": {
      "flake": false,
      "locked": {
        "lastModified": 1721858377,
        "narHash": "sha256-nv9s4/ax2BoL9IQdk42uN7mxIVFYiTK+1FVvWDKRnGM=",
        "owner": "folke",
        "repo": "which-key.nvim",
        "rev": "6c1584eb76b55629702716995cca4ae2798a9cca",
        "type": "github"
      },
      "original": {
        "owner": "folke",
        "repo": "which-key.nvim",
        "type": "github"
      }
    }
  },
  "root": "root",
  "version": 7
}
