{
  "nodes": {
    "nixCats": {
      "locked": {
        "lastModified": 1738824859,
        "narHash": "sha256-HRi/yH5GDoy74BVt8auS5qx9hEUlG5OciqKWhkizDJY=",
        "owner": "BirdeeHub",
        "repo": "nixCats-nvim",
        "rev": "6ed8baf7af158259155408fc8b535e60794765ca",
        "type": "github"
      },
      "original": {
        "owner": "BirdeeHub",
        "repo": "nixCats-nvim",
        "type": "github"
      }
    },
    "nixpkgs": {
      "locked": {
        "lastModified": 1738797219,
        "narHash": "sha256-KRwX9Z1XavpgeSDVM/THdFd6uH8rNm/6R+7kIbGa+2s=",
        "owner": "nixos",
        "repo": "nixpkgs",
        "rev": "1da52dd49a127ad74486b135898da2cef8c62665",
        "type": "github"
      },
      "original": {
        "owner": "nixos",
        "ref": "nixpkgs-unstable",
        "repo": "nixpkgs",
        "type": "github"
      }
    },
    "plugins-bufonly": {
      "flake": false,
      "locked": {
        "lastModified": 1625462970,
        "narHash": "sha256-+k7Be6FYAtcK91X3VsG2h1jZ1XEd7Px8O2v+hwXtFUk=",
        "owner": "numToStr",
        "repo": "BufOnly.nvim",
        "rev": "30579c2851743b00c4547c324a16f2c1cfa5a41c",
        "type": "github"
      },
      "original": {
        "owner": "numToStr",
        "repo": "BufOnly.nvim",
        "type": "github"
      }
    },
    "plugins-nx": {
      "flake": false,
      "locked": {
        "lastModified": 1729173978,
        "narHash": "sha256-mmLQzDrJCa9T9bFg6wCHrSKwIvS6VAhhmMTbhDWtmR4=",
        "owner": "tenxsoydev",
        "repo": "nx.nvim",
        "rev": "10c7624f5d53f0bf053868d4448f2efc33aa5a55",
        "type": "github"
      },
      "original": {
        "owner": "tenxsoydev",
        "repo": "nx.nvim",
        "type": "github"
      }
    },
    "plugins-scrollEof": {
      "flake": false,
      "locked": {
        "lastModified": 1738660728,
        "narHash": "sha256-MHa53sHrqSrIKrWjM1Nqz9Lr3TWYGFLXZH6LGER0b18=",
        "owner": "Aasim-A",
        "repo": "scrollEOF.nvim",
        "rev": "a186f695b500e9f0b569102a4a5e8a255cd0d198",
        "type": "github"
      },
      "original": {
        "owner": "Aasim-A",
        "repo": "scrollEOF.nvim",
        "type": "github"
      }
    },
    "root": {
      "inputs": {
        "nixCats": "nixCats",
        "nixpkgs": "nixpkgs",
        "plugins-bufonly": "plugins-bufonly",
        "plugins-nx": "plugins-nx",
        "plugins-scrollEof": "plugins-scrollEof"
      }
    }
  },
  "root": "root",
  "version": 7
}
